
Microsoft Visual Studio Solution File, Format Version 12.00
# Visual Studio Version 16
VisualStudioVersion = 16.0.31112.23
MinimumVisualStudioVersion = 10.0.40219.1
Project("{FAE04EC0-301F-11D3-BF4B-00C04F79EFBC}") = "methodHidingExample", "methodHidingExample\methodHidingExample.csproj", "{522E0E59-C090-4F49-8363-D85AAC6E0618}"
EndProject
Global
	GlobalSection(SolutionConfigurationPlatforms) = preSolution
		Debug|Any CPU = Debug|Any CPU
		Release|Any CPU = Release|Any CPU
	EndGlobalSection
	GlobalSection(ProjectConfigurationPlatforms) = postSolution
		{522E0E59-C090-4F49-8363-D85AAC6E0618}.Debug|Any CPU.ActiveCfg = Debug|Any CPU
		{522E0E59-C090-4F49-8363-D85AAC6E0618}.Debug|Any CPU.Build.0 = Debug|Any CPU
		{522E0E59-C090-4F49-8363-D85AAC6E0618}.Release|Any CPU.ActiveCfg = Release|Any CPU
		{522E0E59-C090-4F49-8363-D85AAC6E0618}.Release|Any CPU.Build.0 = Release|Any CPU
	EndGlobalSection
	GlobalSection(SolutionProperties) = preSolution
		HideSolutionNode = FALSE
	EndGlobalSection
	GlobalSection(ExtensibilityGlobals) = postSolution
		SolutionGuid = {5C9C9FF6-3751-4BF2-A51C-8BA860AB3C0C}
	EndGlobalSection
EndGlobal
