
Microsoft Visual Studio Solution File, Format Version 12.00
# Visual Studio Version 16
VisualStudioVersion = 16.0.31112.23
MinimumVisualStudioVersion = 10.0.40219.1
Project("{FAE04EC0-301F-11D3-BF4B-00C04F79EFBC}") = "parsetryparse", "parsetryparse\parsetryparse.csproj", "{6092E6F6-B5AF-4143-B299-99419F9CD247}"
EndProject
Global
	GlobalSection(SolutionConfigurationPlatforms) = preSolution
		Debug|Any CPU = Debug|Any CPU
		Release|Any CPU = Release|Any CPU
	EndGlobalSection
	GlobalSection(ProjectConfigurationPlatforms) = postSolution
		{6092E6F6-B5AF-4143-B299-99419F9CD247}.Debug|Any CPU.ActiveCfg = Debug|Any CPU
		{6092E6F6-B5AF-4143-B299-99419F9CD247}.Debug|Any CPU.Build.0 = Debug|Any CPU
		{6092E6F6-B5AF-4143-B299-99419F9CD247}.Release|Any CPU.ActiveCfg = Release|Any CPU
		{6092E6F6-B5AF-4143-B299-99419F9CD247}.Release|Any CPU.Build.0 = Release|Any CPU
	EndGlobalSection
	GlobalSection(SolutionProperties) = preSolution
		HideSolutionNode = FALSE
	EndGlobalSection
	GlobalSection(ExtensibilityGlobals) = postSolution
		SolutionGuid = {ABF9C3EE-A4DB-439B-AC29-6DE7B00D2FA0}
	EndGlobalSection
EndGlobal
