
Microsoft Visual Studio Solution File, Format Version 12.00
# Visual Studio Version 16
VisualStudioVersion = 16.0.31112.23
MinimumVisualStudioVersion = 10.0.40219.1
Project("{FAE04EC0-301F-11D3-BF4B-00C04F79EFBC}") = "DelegateKudvenkatExample1", "DelegateKudvenkatExample1\DelegateKudvenkatExample1.csproj", "{99F49EE2-7DCE-4D70-97D6-AB383E30D3B5}"
EndProject
Global
	GlobalSection(SolutionConfigurationPlatforms) = preSolution
		Debug|Any CPU = Debug|Any CPU
		Release|Any CPU = Release|Any CPU
	EndGlobalSection
	GlobalSection(ProjectConfigurationPlatforms) = postSolution
		{99F49EE2-7DCE-4D70-97D6-AB383E30D3B5}.Debug|Any CPU.ActiveCfg = Debug|Any CPU
		{99F49EE2-7DCE-4D70-97D6-AB383E30D3B5}.Debug|Any CPU.Build.0 = Debug|Any CPU
		{99F49EE2-7DCE-4D70-97D6-AB383E30D3B5}.Release|Any CPU.ActiveCfg = Release|Any CPU
		{99F49EE2-7DCE-4D70-97D6-AB383E30D3B5}.Release|Any CPU.Build.0 = Release|Any CPU
	EndGlobalSection
	GlobalSection(SolutionProperties) = preSolution
		HideSolutionNode = FALSE
	EndGlobalSection
	GlobalSection(ExtensibilityGlobals) = postSolution
		SolutionGuid = {D8D7599D-E250-4794-8724-27C538747A0C}
	EndGlobalSection
EndGlobal
