
Microsoft Visual Studio Solution File, Format Version 12.00
# Visual Studio Version 16
VisualStudioVersion = 16.0.31112.23
MinimumVisualStudioVersion = 10.0.40219.1
Project("{FAE04EC0-301F-11D3-BF4B-00C04F79EFBC}") = "AddingElementToAList", "AddingElementToAList\AddingElementToAList.csproj", "{87F0F344-7FFD-44E3-A335-D089F9C3BC74}"
EndProject
Global
	GlobalSection(SolutionConfigurationPlatforms) = preSolution
		Debug|Any CPU = Debug|Any CPU
		Release|Any CPU = Release|Any CPU
	EndGlobalSection
	GlobalSection(ProjectConfigurationPlatforms) = postSolution
		{87F0F344-7FFD-44E3-A335-D089F9C3BC74}.Debug|Any CPU.ActiveCfg = Debug|Any CPU
		{87F0F344-7FFD-44E3-A335-D089F9C3BC74}.Debug|Any CPU.Build.0 = Debug|Any CPU
		{87F0F344-7FFD-44E3-A335-D089F9C3BC74}.Release|Any CPU.ActiveCfg = Release|Any CPU
		{87F0F344-7FFD-44E3-A335-D089F9C3BC74}.Release|Any CPU.Build.0 = Release|Any CPU
	EndGlobalSection
	GlobalSection(SolutionProperties) = preSolution
		HideSolutionNode = FALSE
	EndGlobalSection
	GlobalSection(ExtensibilityGlobals) = postSolution
		SolutionGuid = {C943023A-6492-419A-AE55-DA0B53B66B68}
	EndGlobalSection
EndGlobal
