
Microsoft Visual Studio Solution File, Format Version 12.00
# Visual Studio Version 16
VisualStudioVersion = 16.0.31112.23
MinimumVisualStudioVersion = 10.0.40219.1
Project("{FAE04EC0-301F-11D3-BF4B-00C04F79EFBC}") = "SortedListExample", "SortedListExample\SortedListExample.csproj", "{EED895CB-35F1-49F2-BCEC-1A40B055971A}"
EndProject
Global
	GlobalSection(SolutionConfigurationPlatforms) = preSolution
		Debug|Any CPU = Debug|Any CPU
		Release|Any CPU = Release|Any CPU
	EndGlobalSection
	GlobalSection(ProjectConfigurationPlatforms) = postSolution
		{EED895CB-35F1-49F2-BCEC-1A40B055971A}.Debug|Any CPU.ActiveCfg = Debug|Any CPU
		{EED895CB-35F1-49F2-BCEC-1A40B055971A}.Debug|Any CPU.Build.0 = Debug|Any CPU
		{EED895CB-35F1-49F2-BCEC-1A40B055971A}.Release|Any CPU.ActiveCfg = Release|Any CPU
		{EED895CB-35F1-49F2-BCEC-1A40B055971A}.Release|Any CPU.Build.0 = Release|Any CPU
	EndGlobalSection
	GlobalSection(SolutionProperties) = preSolution
		HideSolutionNode = FALSE
	EndGlobalSection
	GlobalSection(ExtensibilityGlobals) = postSolution
		SolutionGuid = {9572AAB2-520D-4A9D-8B9A-96FF12EB6DAD}
	EndGlobalSection
EndGlobal
